
Microsoft Visual Studio Solution File, Format Version 12.00
# Visual Studio Version 17
VisualStudioVersion = 17.14.36408.4 d17.14
MinimumVisualStudioVersion = 10.0.40219.1
Project("{FAE04EC0-301F-11D3-BF4B-00C04F79EFBC}") = "Yusha", "Yusha\Yusha.csproj", "{D50F020D-3C58-4597-81F7-5648EB21B6CC}"
EndProject
Global
	GlobalSection(SolutionConfigurationPlatforms) = preSolution
		Debug|Any CPU = Debug|Any CPU
		Release|Any CPU = Release|Any CPU
	EndGlobalSection
	GlobalSection(ProjectConfigurationPlatforms) = postSolution
		{D50F020D-3C58-4597-81F7-5648EB21B6CC}.Debug|Any CPU.ActiveCfg = Debug|Any CPU
		{D50F020D-3C58-4597-81F7-5648EB21B6CC}.Debug|Any CPU.Build.0 = Debug|Any CPU
		{D50F020D-3C58-4597-81F7-5648EB21B6CC}.Release|Any CPU.ActiveCfg = Release|Any CPU
		{D50F020D-3C58-4597-81F7-5648EB21B6CC}.Release|Any CPU.Build.0 = Release|Any CPU
	EndGlobalSection
	GlobalSection(SolutionProperties) = preSolution
		HideSolutionNode = FALSE
	EndGlobalSection
	GlobalSection(ExtensibilityGlobals) = postSolution
		SolutionGuid = {5D242DC6-F32C-434E-9D30-929A0683E615}
	EndGlobalSection
EndGlobal
